<?xml version="1.0" encoding="utf-8"?>
<Project ToolsVersion="4.0" xmlns="http://schemas.microsoft.com/developer/msbuild/2003">
  <ItemGroup>
    <Filter Include="源文件">
      <UniqueIdentifier>{4FC737F1-C7A5-4376-A066-2A32D752A2FF}</UniqueIdentifier>
      <Extensions>cpp;c;cc;cxx;def;odl;idl;hpj;bat;asm;asmx</Extensions>
    </Filter>
    <Filter Include="头文件">
      <UniqueIdentifier>{93995380-89BD-4b04-88EB-625FBE52EBFB}</UniqueIdentifier>
      <Extensions>h;hh;hpp;hxx;hm;inl;inc;xsd</Extensions>
    </Filter>
    <Filter Include="资源文件">
      <UniqueIdentifier>{67DA6AB6-F800-4c08-8B7A-83BB121AAD01}</UniqueIdentifier>
      <Extensions>rc;ico;cur;bmp;dlg;rc2;rct;bin;rgs;gif;jpg;jpeg;jpe;resx;tiff;tif;png;wav;mfcribbon-ms</Extensions>
    </Filter>
    <Filter Include="View">
      <UniqueIdentifier>{4854ec52-78a7-46cd-9654-1dddc137c91a}</UniqueIdentifier>
    </Filter>
    <Filter Include="Presenter">
      <UniqueIdentifier>{1df502fb-023d-4ec3-94f2-8b8c6e7e7426}</UniqueIdentifier>
    </Filter>
    <Filter Include="Model">
      <UniqueIdentifier>{c1ffe4a3-a6b2-4ed4-bf4d-1c037150846c}</UniqueIdentifier>
    </Filter>
    <Filter Include="App">
      <UniqueIdentifier>{1a3ed256-6ca2-4004-9cc0-544dabb915d5}</UniqueIdentifier>
    </Filter>
    <Filter Include="Util">
      <UniqueIdentifier>{87b7555d-2128-41e9-9de5-871d5cc80cc0}</UniqueIdentifier>
    </Filter>
    <Filter Include="Drawable">
      <UniqueIdentifier>{3e236ee6-15a8-44fc-b056-e74f72a6c0f7}</UniqueIdentifier>
    </Filter>
    <Filter Include="Util\CvvImage">
      <UniqueIdentifier>{9b4fe784-882a-4968-9620-9ffae33e3bd2}</UniqueIdentifier>
    </Filter>
    <Filter Include="Primitive">
      <UniqueIdentifier>{161466c7-d1ff-4ad3-b693-9097088248f3}</UniqueIdentifier>
    </Filter>
    <Filter Include="PictureBoxState">
      <UniqueIdentifier>{872037e2-0798-4050-9747-67596c9f6022}</UniqueIdentifier>
    </Filter>
    <Filter Include="DlgState">
      <UniqueIdentifier>{61920604-c172-45cc-879e-137f1b8c8f74}</UniqueIdentifier>
    </Filter>
    <Filter Include="Dialog">
      <UniqueIdentifier>{9b72228c-8381-4693-94f2-cab01274db11}</UniqueIdentifier>
    </Filter>
  </ItemGroup>
  <ItemGroup>
    <Text Include="ReadMe.txt" />
  </ItemGroup>
  <ItemGroup>
    <ClInclude Include="stdafx.h">
      <Filter>头文件</Filter>
    </ClInclude>
    <ClInclude Include="targetver.h">
      <Filter>头文件</Filter>
    </ClInclude>
    <ClInclude Include="Resource.h">
      <Filter>头文件</Filter>
    </ClInclude>
    <ClInclude Include="VideoMarkerPresenter.h">
      <Filter>Presenter</Filter>
    </ClInclude>
    <ClInclude Include="FrameInfo.h">
      <Filter>头文件</Filter>
    </ClInclude>
    <ClInclude Include="CvvImage.h">
      <Filter>Util\CvvImage</Filter>
    </ClInclude>
    <ClInclude Include="VideoMarker2Dlg.h">
      <Filter>View</Filter>
    </ClInclude>
    <ClInclude Include="TextFileManager.h">
      <Filter>Model</Filter>
    </ClInclude>
    <ClInclude Include="VideoPlayer.h">
      <Filter>Model</Filter>
    </ClInclude>
    <ClInclude Include="VideoMarker2.h">
      <Filter>App</Filter>
    </ClInclude>
    <ClInclude Include="PictureBox.h">
      <Filter>View</Filter>
    </ClInclude>
    <ClInclude Include="StringHelper.h">
      <Filter>Util</Filter>
    </ClInclude>
    <ClInclude Include="RectHelper.h">
      <Filter>Util</Filter>
    </ClInclude>
    <ClInclude Include="IVideoMarker2.h">
      <Filter>View</Filter>
    </ClInclude>
    <ClInclude Include="DataExchange.h">
      <Filter>头文件</Filter>
    </ClInclude>
    <ClInclude Include="Transformer.h">
      <Filter>Util</Filter>
    </ClInclude>
    <ClInclude Include="DBox.h">
      <Filter>Drawable</Filter>
    </ClInclude>
    <ClInclude Include="DText.h">
      <Filter>Drawable</Filter>
    </ClInclude>
    <ClInclude Include="IDrawable.h">
      <Filter>Drawable</Filter>
    </ClInclude>
    <ClInclude Include="constant.h">
      <Filter>头文件</Filter>
    </ClInclude>
    <ClInclude Include="DEditBox.h">
      <Filter>Drawable</Filter>
    </ClInclude>
    <ClInclude Include="UnsavedFrameInfo.h">
      <Filter>头文件</Filter>
    </ClInclude>
    <ClInclude Include="DFaceInfo.h">
      <Filter>Drawable</Filter>
    </ClInclude>
    <ClInclude Include="RectEx.h">
      <Filter>Primitive</Filter>
    </ClInclude>
    <ClInclude Include="FaceInfoManager.h">
      <Filter>头文件</Filter>
    </ClInclude>
    <ClInclude Include="ActiveBoxManager.h">
      <Filter>头文件</Filter>
    </ClInclude>
    <ClInclude Include="MyTimer.h">
      <Filter>头文件</Filter>
    </ClInclude>
    <ClInclude Include="message.h">
      <Filter>头文件</Filter>
    </ClInclude>
    <ClInclude Include="PBAddState.h">
      <Filter>PictureBoxState</Filter>
    </ClInclude>
    <ClInclude Include="PBInitState.h">
      <Filter>PictureBoxState</Filter>
    </ClInclude>
    <ClInclude Include="PBModifyState.h">
      <Filter>PictureBoxState</Filter>
    </ClInclude>
    <ClInclude Include="PBSelectState.h">
      <Filter>PictureBoxState</Filter>
    </ClInclude>
    <ClInclude Include="PBStateBase.h">
      <Filter>PictureBoxState</Filter>
    </ClInclude>
    <ClInclude Include="InitState.h">
      <Filter>DlgState</Filter>
    </ClInclude>
    <ClInclude Include="PauseState.h">
      <Filter>DlgState</Filter>
    </ClInclude>
    <ClInclude Include="PlayState.h">
      <Filter>DlgState</Filter>
    </ClInclude>
    <ClInclude Include="StateBase.h">
      <Filter>DlgState</Filter>
    </ClInclude>
    <ClInclude Include="StateFactory.h">
      <Filter>DlgState</Filter>
    </ClInclude>
    <ClInclude Include="State.h">
      <Filter>DlgState</Filter>
    </ClInclude>
    <ClInclude Include="StopState.h">
      <Filter>DlgState</Filter>
    </ClInclude>
    <ClInclude Include="ProjectOpenedState.h">
      <Filter>DlgState</Filter>
    </ClInclude>
    <ClInclude Include="AddMarkState.h">
      <Filter>DlgState</Filter>
    </ClInclude>
    <ClInclude Include="SelectMarkState.h">
      <Filter>DlgState</Filter>
    </ClInclude>
    <ClInclude Include="NameInputDialog.h">
      <Filter>Dialog</Filter>
    </ClInclude>
  </ItemGroup>
  <ItemGroup>
    <ClCompile Include="stdafx.cpp">
      <Filter>源文件</Filter>
    </ClCompile>
    <ClCompile Include="VideoMarkerPresenter.cpp">
      <Filter>Presenter</Filter>
    </ClCompile>
    <ClCompile Include="CvvImage.cpp">
      <Filter>Util\CvvImage</Filter>
    </ClCompile>
    <ClCompile Include="VideoMarker2Dlg.cpp">
      <Filter>View</Filter>
    </ClCompile>
    <ClCompile Include="TextFileManager.cpp">
      <Filter>Model</Filter>
    </ClCompile>
    <ClCompile Include="VideoPlayer.cpp">
      <Filter>Model</Filter>
    </ClCompile>
    <ClCompile Include="VideoMarker2.cpp">
      <Filter>App</Filter>
    </ClCompile>
    <ClCompile Include="PictureBox.cpp">
      <Filter>View</Filter>
    </ClCompile>
    <ClCompile Include="StringHelper.cpp">
      <Filter>Util</Filter>
    </ClCompile>
    <ClCompile Include="Transformer.cpp">
      <Filter>Util</Filter>
    </ClCompile>
    <ClCompile Include="UnsavedFrameInfo.cpp">
      <Filter>源文件</Filter>
    </ClCompile>
    <ClCompile Include="ActiveBoxManager.cpp">
      <Filter>源文件</Filter>
    </ClCompile>
    <ClCompile Include="PBAddState.cpp">
      <Filter>PictureBoxState</Filter>
    </ClCompile>
    <ClCompile Include="PBInitState.cpp">
      <Filter>PictureBoxState</Filter>
    </ClCompile>
    <ClCompile Include="PBModifyState.cpp">
      <Filter>PictureBoxState</Filter>
    </ClCompile>
    <ClCompile Include="PBSelectState.cpp">
      <Filter>PictureBoxState</Filter>
    </ClCompile>
    <ClCompile Include="PBStateBase.cpp">
      <Filter>PictureBoxState</Filter>
    </ClCompile>
    <ClCompile Include="InitState.cpp">
      <Filter>DlgState</Filter>
    </ClCompile>
    <ClCompile Include="PauseState.cpp">
      <Filter>DlgState</Filter>
    </ClCompile>
    <ClCompile Include="PlayState.cpp">
      <Filter>DlgState</Filter>
    </ClCompile>
    <ClCompile Include="StateBase.cpp">
      <Filter>DlgState</Filter>
    </ClCompile>
    <ClCompile Include="StateFactory.cpp">
      <Filter>DlgState</Filter>
    </ClCompile>
    <ClCompile Include="StopState.cpp">
      <Filter>DlgState</Filter>
    </ClCompile>
    <ClCompile Include="FaceInfoManager.cpp">
      <Filter>源文件</Filter>
    </ClCompile>
    <ClCompile Include="ProjectOpenedState.cpp">
      <Filter>DlgState</Filter>
    </ClCompile>
    <ClCompile Include="AddMarkState.cpp">
      <Filter>DlgState</Filter>
    </ClCompile>
    <ClCompile Include="SelectMarkState.cpp">
      <Filter>DlgState</Filter>
    </ClCompile>
    <ClCompile Include="NameInputDialog.cpp">
      <Filter>Dialog</Filter>
    </ClCompile>
  </ItemGroup>
  <ItemGroup>
    <ResourceCompile Include="VideoMarker2.rc">
      <Filter>资源文件</Filter>
    </ResourceCompile>
  </ItemGroup>
  <ItemGroup>
    <None Include="res\VideoMarker2.rc2">
      <Filter>资源文件</Filter>
    </None>
  </ItemGroup>
  <ItemGroup>
    <Image Include="res\VideoMarker2.ico">
      <Filter>资源文件</Filter>
    </Image>
  </ItemGroup>
</Project>